dependencies:
  codemirror: 5.58.1
  vue: 2.6.12
devDependencies:
  '@types/codemirror': 0.0.98
  typescript: 4.0.3
lockfileVersion: 5.1
packages:
  /@types/codemirror/0.0.98:
    dependencies:
      '@types/tern': 0.23.3
    dev: true
    resolution:
      integrity: sha512-cbty5LPayy2vNSeuUdjNA9tggG+go5vAxmnLDRWpiZI5a+RDBi9dlozy4/jW/7P/gletbBWbQREEa7A81YxstA==
  /@types/estree/0.0.45:
    dev: true
    resolution:
      integrity: sha512-jnqIUKDUqJbDIUxm0Uj7bnlMnRm1T/eZ9N+AVMqhPgzrba2GhGG5o/jCTwmdPK709nEZsGoMzXEDUjcXHa3W0g==
  /@types/tern/0.23.3:
    dependencies:
      '@types/estree': 0.0.45
    dev: true
    resolution:
      integrity: sha512-imDtS4TAoTcXk0g7u4kkWqedB3E4qpjXzCpD2LU5M5NAXHzCDsypyvXSaG7mM8DKYkCRa7tFp4tS/lp/Wo7Q3w==
  /codemirror/5.58.1:
    dev: false
    resolution:
      integrity: sha512-UGb/ueu20U4xqWk8hZB3xIfV2/SFqnSLYONiM3wTMDqko0bsYrsAkGGhqUzbRkYm89aBKPyHtuNEbVWF9FTFzw==
  /typescript/4.0.3:
    dev: true
    engines:
      node: '>=4.2.0'
    hasBin: true
    resolution:
      integrity: sha512-tEu6DGxGgRJPb/mVPIZ48e69xCn2yRmCgYmDugAVwmJ6o+0u1RI18eO7E7WBTLYLaEVVOhwQmcdhQHweux/WPg==
  /vue/2.6.12:
    dev: false
    resolution:
      integrity: sha512-uhmLFETqPPNyuLLbsKz6ioJ4q7AZHzD8ZVFNATNyICSZouqP2Sz0rotWQC8UNBF6VGSCs5abnKJoStA6JbCbfg==
specifiers:
  '@types/codemirror': ^0.0.98
  codemirror: ^5.58.1
  typescript: ^4.0.3
  vue: ^2.6.12
