# THIS IS AN AUTOGENERATED FILE. DO NOT EDIT THIS FILE DIRECTLY.
# yarn lockfile v1


"@types/codemirror@^0.0.90":
  version "0.0.90"
  resolved "https://registry.npmjs.org/@types/codemirror/-/codemirror-0.0.90.tgz#9c5edafce2a780b4f8bc5e3b699fe1f4727c8f17"
  integrity sha512-8Z9+tSg27NPRGubbUPUCrt5DDG/OWzLph5BvcDykwR5D7RyZh5mhHG0uS1ePKV1YFCA+/cwc4Ey2AJAEFfV3IA==
  dependencies:
    "@types/tern" "*"

"@types/estree@*":
  version "0.0.44"
  resolved "https://registry.npmjs.org/@types/estree/-/estree-0.0.44.tgz#980cc5a29a3ef3bea6ff1f7d021047d7ea575e21"
  integrity sha512-iaIVzr+w2ZJ5HkidlZ3EJM8VTZb2MJLCjw3V+505yVts0gRC4UMvjw0d1HPtGqI/HQC/KdsYtayfzl+AXY2R8g==

"@types/tern@*":
  version "0.23.3"
  resolved "https://registry.npmjs.org/@types/tern/-/tern-0.23.3.tgz#4b54538f04a88c9ff79de1f6f94f575a7f339460"
  integrity sha512-imDtS4TAoTcXk0g7u4kkWqedB3E4qpjXzCpD2LU5M5NAXHzCDsypyvXSaG7mM8DKYkCRa7tFp4tS/lp/Wo7Q3w==
  dependencies:
    "@types/estree" "*"

codemirror@^5.52.2:
  version "5.52.2"
  resolved "https://registry.npmjs.org/codemirror/-/codemirror-5.52.2.tgz#c29e1f7179f85eb0dd17c0586fa810e4838ff584"
  integrity sha512-WCGCixNUck2HGvY8/ZNI1jYfxPG5cRHv0VjmWuNzbtCLz8qYA5d+je4QhSSCtCaagyeOwMi/HmmPTjBgiTm2lQ==

typescript@^3.8.3:
  version "3.8.3"
  resolved "https://registry.npmjs.org/typescript/-/typescript-3.8.3.tgz#409eb8544ea0335711205869ec458ab109ee1061"
  integrity sha512-MYlEfn5VrLNsgudQTVJeNaQFUAI7DkhnOjdpAp4T+ku1TfQClewlbSuTVHiA+8skNBgaf02TL/kLOvig4y3G8w==

vue@^2.6.11:
  version "2.6.11"
  resolved "https://registry.npmjs.org/vue/-/vue-2.6.11.tgz#76594d877d4b12234406e84e35275c6d514125c5"
  integrity sha512-VfPwgcGABbGAue9+sfrD4PuwFar7gPb1yl1UK1MwXoQPAw0BKSqWfoYCT/ThFrdEVWoI51dBuyCoiNU9bZDZxQ==
